
Microsoft Visual Studio Solution File, Format Version 12.00
# Visual Studio Version 17
VisualStudioVersion = 17.14.36717.8 d17.14
MinimumVisualStudioVersion = 10.0.40219.1
Project("{FAE04EC0-301F-11D3-BF4B-00C04F79EFBC}") = "ProyectoP2.API", "ProyectoP2.API\ProyectoP2.API.csproj", "{E583D819-6F1F-4D37-AEDE-AEC34B2C64CF}"
EndProject
Project("{FAE04EC0-301F-11D3-BF4B-00C04F79EFBC}") = "ProyectoP2.Web", "ProyectoP2.Web\ProyectoP2.Web.csproj", "{0458497B-47D3-415A-B241-9180E9CC6AD8}"
EndProject
Global
	GlobalSection(SolutionConfigurationPlatforms) = preSolution
		Debug|Any CPU = Debug|Any CPU
		Release|Any CPU = Release|Any CPU
	EndGlobalSection
	GlobalSection(ProjectConfigurationPlatforms) = postSolution
		{E583D819-6F1F-4D37-AEDE-AEC34B2C64CF}.Debug|Any CPU.ActiveCfg = Debug|Any CPU
		{E583D819-6F1F-4D37-AEDE-AEC34B2C64CF}.Debug|Any CPU.Build.0 = Debug|Any CPU
		{E583D819-6F1F-4D37-AEDE-AEC34B2C64CF}.Release|Any CPU.ActiveCfg = Release|Any CPU
		{E583D819-6F1F-4D37-AEDE-AEC34B2C64CF}.Release|Any CPU.Build.0 = Release|Any CPU
		{0458497B-47D3-415A-B241-9180E9CC6AD8}.Debug|Any CPU.ActiveCfg = Debug|Any CPU
		{0458497B-47D3-415A-B241-9180E9CC6AD8}.Debug|Any CPU.Build.0 = Debug|Any CPU
		{0458497B-47D3-415A-B241-9180E9CC6AD8}.Release|Any CPU.ActiveCfg = Release|Any CPU
		{0458497B-47D3-415A-B241-9180E9CC6AD8}.Release|Any CPU.Build.0 = Release|Any CPU
	EndGlobalSection
	GlobalSection(SolutionProperties) = preSolution
		HideSolutionNode = FALSE
	EndGlobalSection
	GlobalSection(ExtensibilityGlobals) = postSolution
		SolutionGuid = {ACC7E5D2-B9A8-44A7-B576-EC54F4CA2545}
	EndGlobalSection
EndGlobal
